
Microsoft Visual Studio Solution File, Format Version 12.00
# Visual Studio 14
VisualStudioVersion = 14.0.23107.0
MinimumVisualStudioVersion = 10.0.40219.1
Project("{FAE04EC0-301F-11D3-BF4B-00C04F79EFBC}") = "APPS29082016", "APPS29082016\APPS29082016.csproj", "{E07E510F-E655-4FE2-B6D3-6C8567DBE441}"
EndProject
Project("{2150E333-8FDC-42A3-9474-1A3956D46DE8}") = "Library", "Library", "{FA115E5F-3027-4354-B507-FD783F2F1744}"
EndProject
Project("{FAE04EC0-301F-11D3-BF4B-00C04F79EFBC}") = "APPS29082016.DAL", "APPS29082016.DAL\APPS29082016.DAL.csproj", "{3A9CB005-D228-42AF-9F12-0617B19ECB38}"
EndProject
Project("{FAE04EC0-301F-11D3-BF4B-00C04F79EFBC}") = "APPS29082016.BLL", "APPS29082016.BLL\APPS29082016.BLL.csproj", "{EE045D5E-50EF-48AE-91F6-9E9F0D41D5DB}"
EndProject
Project("{FAE04EC0-301F-11D3-BF4B-00C04F79EFBC}") = "APPS29082016.Core", "APPS29082016.Core\APPS29082016.Core.csproj", "{09B0F6EA-577B-49F8-9D72-0EE293885DEC}"
EndProject
Global
	GlobalSection(SolutionConfigurationPlatforms) = preSolution
		Debug|Any CPU = Debug|Any CPU
		Release|Any CPU = Release|Any CPU
	EndGlobalSection
	GlobalSection(ProjectConfigurationPlatforms) = postSolution
		{E07E510F-E655-4FE2-B6D3-6C8567DBE441}.Debug|Any CPU.ActiveCfg = Debug|Any CPU
		{E07E510F-E655-4FE2-B6D3-6C8567DBE441}.Debug|Any CPU.Build.0 = Debug|Any CPU
		{E07E510F-E655-4FE2-B6D3-6C8567DBE441}.Release|Any CPU.ActiveCfg = Release|Any CPU
		{E07E510F-E655-4FE2-B6D3-6C8567DBE441}.Release|Any CPU.Build.0 = Release|Any CPU
		{3A9CB005-D228-42AF-9F12-0617B19ECB38}.Debug|Any CPU.ActiveCfg = Debug|Any CPU
		{3A9CB005-D228-42AF-9F12-0617B19ECB38}.Debug|Any CPU.Build.0 = Debug|Any CPU
		{3A9CB005-D228-42AF-9F12-0617B19ECB38}.Release|Any CPU.ActiveCfg = Release|Any CPU
		{3A9CB005-D228-42AF-9F12-0617B19ECB38}.Release|Any CPU.Build.0 = Release|Any CPU
		{EE045D5E-50EF-48AE-91F6-9E9F0D41D5DB}.Debug|Any CPU.ActiveCfg = Debug|Any CPU
		{EE045D5E-50EF-48AE-91F6-9E9F0D41D5DB}.Debug|Any CPU.Build.0 = Debug|Any CPU
		{EE045D5E-50EF-48AE-91F6-9E9F0D41D5DB}.Release|Any CPU.ActiveCfg = Release|Any CPU
		{EE045D5E-50EF-48AE-91F6-9E9F0D41D5DB}.Release|Any CPU.Build.0 = Release|Any CPU
		{09B0F6EA-577B-49F8-9D72-0EE293885DEC}.Debug|Any CPU.ActiveCfg = Debug|Any CPU
		{09B0F6EA-577B-49F8-9D72-0EE293885DEC}.Debug|Any CPU.Build.0 = Debug|Any CPU
		{09B0F6EA-577B-49F8-9D72-0EE293885DEC}.Release|Any CPU.ActiveCfg = Release|Any CPU
		{09B0F6EA-577B-49F8-9D72-0EE293885DEC}.Release|Any CPU.Build.0 = Release|Any CPU
	EndGlobalSection
	GlobalSection(SolutionProperties) = preSolution
		HideSolutionNode = FALSE
	EndGlobalSection
	GlobalSection(NestedProjects) = preSolution
		{3A9CB005-D228-42AF-9F12-0617B19ECB38} = {FA115E5F-3027-4354-B507-FD783F2F1744}
		{EE045D5E-50EF-48AE-91F6-9E9F0D41D5DB} = {FA115E5F-3027-4354-B507-FD783F2F1744}
		{09B0F6EA-577B-49F8-9D72-0EE293885DEC} = {FA115E5F-3027-4354-B507-FD783F2F1744}
	EndGlobalSection
EndGlobal
